{
  "name": "testing-demo",
  "version": "1.0.0",
  "lockfileVersion": 2,
  "requires": true,
  "packages": {
    "": {
      "name": "testing-demo",
      "version": "1.0.0",
      "license": "ISC",
      "devDependencies": {
        "playwright-chromium": "^1.25.2"
      }
    },
    "node_modules/playwright-chromium": {
      "version": "1.25.2",
      "resolved": "https://registry.npmjs.org/playwright-chromium/-/playwright-chromium-1.25.2.tgz",
      "integrity": "sha512-FqksO/sLuppuwz4rbLMhBx3AadBzsYn2xG6jAewjNchwqzMYeGP1CyL2AQSYcT7ILyF5pQj3nwKqal13pbkEcA==",
      "dev": true,
      "hasInstallScript": true,
      "dependencies": {
        "playwright-core": "1.25.2"
      },
      "bin": {
        "playwright": "cli.js"
      },
      "engines": {
        "node": ">=14"
      }
    },
    "node_modules/playwright-core": {
      "version": "1.25.2",
      "resolved": "https://registry.npmjs.org/playwright-core/-/playwright-core-1.25.2.tgz",
      "integrity": "sha512-0yTbUE9lIddkEpLHL3u8PoCL+pWiZtj5A/j3U7YoNjcmKKDGBnCrgHJMzwd2J5vy6l28q4ki3JIuz7McLHhl1A==",
      "dev": true,
      "bin": {
        "playwright": "cli.js"
      },
      "engines": {
        "node": ">=14"
      }
    }
  },
  "dependencies": {
    "playwright-chromium": {
      "version": "1.25.2",
      "resolved": "https://registry.npmjs.org/playwright-chromium/-/playwright-chromium-1.25.2.tgz",
      "integrity": "sha512-FqksO/sLuppuwz4rbLMhBx3AadBzsYn2xG6jAewjNchwqzMYeGP1CyL2AQSYcT7ILyF5pQj3nwKqal13pbkEcA==",
      "dev": true,
      "requires": {
        "playwright-core": "1.25.2"
      }
    },
    "playwright-core": {
      "version": "1.25.2",
      "resolved": "https://registry.npmjs.org/playwright-core/-/playwright-core-1.25.2.tgz",
      "integrity": "sha512-0yTbUE9lIddkEpLHL3u8PoCL+pWiZtj5A/j3U7YoNjcmKKDGBnCrgHJMzwd2J5vy6l28q4ki3JIuz7McLHhl1A==",
      "dev": true
    }
  }
}
